{
  "name": "fastcash",
  "version": "1.0.0",
  "lockfileVersion": 3,
  "requires": true,
  "packages": {
    "": {
      "name": "fastcash",
      "version": "1.0.0",
      "dependencies": {
        "@opentelemetry/api": "^1.8.0",
        "@opentelemetry/auto-instrumentations-web": "^0.37.0",
        "@opentelemetry/exporter-trace-otlp-http": "^0.45.0",
        "@opentelemetry/resources": "^1.17.0",
        "@opentelemetry/sdk-trace-web": "^1.17.0",
        "@opentelemetry/semantic-conventions": "^1.17.0"
      },
      "devDependencies": {}
    },
    "node_modules/@opentelemetry/api": {
      "version": "1.9.0",
      "resolved": "https://registry.npmjs.org/@opentelemetry/api/-/api-1.9.0.tgz",
      "integrity": "sha512-3giAOQvZiH5F9bMlMiv8+GSPMeqg0dbaeo58/0SlA9sxSqZhnUtxzX9/2FzyhS9sWQf5S0GJE0AKBrFqjpeYcg==",
      "license": "Apache-2.0",
      "engines": {
        "node": ">=8.0.0"
      }
    },
    "node_modules/@opentelemetry/api-logs": {
      "version": "0.49.1",
      "resolved": "https://registry.npmjs.org/@opentelemetry/api-logs/-/api-logs-0.49.1.tgz",
      "integrity": "sha512-kaNl/T7WzyMUQHQlVq7q0oV4Kev6+0xFwqzofryC66jgGMacd0QH5TwfpbUwSTby+SdAdprAe5UKMvBw4tKS5Q==",
      "license": "Apache-2.0",
      "dependencies": {
        "@opentelemetry/api": "^1.0.0"
      },
      "engines": {
        "node": ">=14"
      }
    },
    "node_modules/@opentelemetry/auto-instrumentations-web": {
      "version": "0.37.0",
      "resolved": "https://registry.npmjs.org/@opentelemetry/auto-instrumentations-web/-/auto-instrumentations-web-0.37.0.tgz",
      "integrity": "sha512-p1d+JrkIcIRDdX4SNtyDZ2G51JBTpSuvmkrY6QDpdJtQkUSNg67nHZPMpRbEjuMEzb/l/v2BAM1vmuQQqzTrJQ==",
      "license": "Apache-2.0",
      "dependencies": {
        "@opentelemetry/instrumentation": "^0.49.1",
        "@opentelemetry/instrumentation-document-load": "^0.36.0",
        "@opentelemetry/instrumentation-fetch": "^0.49.1",
        "@opentelemetry/instrumentation-user-interaction": "^0.36.0",
        "@opentelemetry/instrumentation-xml-http-request": "^0.49.1"
      },
      "engines": {
        "node": ">=14"
      },
      "peerDependencies": {
        "@opentelemetry/api": "^1.3.0",
        "zone.js": "^0.11.4 || ^0.13.0 || ^0.14.0"
      }
    },
    "node_modules/@opentelemetry/core": {
      "version": "1.30.1",
      "resolved": "https://registry.npmjs.org/@opentelemetry/core/-/core-1.30.1.tgz",
      "integrity": "sha512-OOCM2C/QIURhJMuKaekP3TRBxBKxG/TWWA0TL2J6nXUtDnuCtccy49LUJF8xPFXMX+0LMcxFpCo8M9cGY1W6rQ==",
      "license": "Apache-2.0",
      "dependencies": {
        "@opentelemetry/semantic-conventions": "1.28.0"
      },
      "engines": {
        "node": ">=14"
      },
      "peerDependencies": {
        "@opentelemetry/api": ">=1.0.0 <1.10.0"
      }
    },
    "node_modules/@opentelemetry/core/node_modules/@opentelemetry/semantic-conventions": {
      "version": "1.28.0",
      "resolved": "https://registry.npmjs.org/@opentelemetry/semantic-conventions/-/semantic-conventions-1.28.0.tgz",
      "integrity": "sha512-lp4qAiMTD4sNWW4DbKLBkfiMZ4jbAboJIGOQr5DvciMRI494OapieI9qiODpOt0XBr1LjIDy1xAGAnVs5supTA==",
      "license": "Apache-2.0",
      "engines": {
        "node": ">=14"
      }
    },
    "node_modules/@opentelemetry/exporter-trace-otlp-http": {
      "version": "0.45.1",
      "resolved": "https://registry.npmjs.org/@opentelemetry/exporter-trace-otlp-http/-/exporter-trace-otlp-http-0.45.1.tgz",
      "integrity": "sha512-a6CGqSG66n5R1mghzLMzyzn3iGap1b0v+0PjKFjfYuwLtpHQBxh2PHxItu+m2mXSwnM4R0GJlk9oUW5sQkCE0w==",
      "license": "Apache-2.0",
      "dependencies": {
        "@opentelemetry/core": "1.18.1",
        "@opentelemetry/otlp-exporter-base": "0.45.1",
        "@opentelemetry/otlp-transformer": "0.45.1",
        "@opentelemetry/resources": "1.18.1",
        "@opentelemetry/sdk-trace-base": "1.18.1"
      },
      "engines": {
        "node": ">=14"
      },
      "peerDependencies": {
        "@opentelemetry/api": "^1.0.0"
      }
    },
    "node_modules/@opentelemetry/exporter-trace-otlp-http/node_modules/@opentelemetry/api-logs": {
      "version": "0.45.1",
      "resolved": "https://registry.npmjs.org/@opentelemetry/api-logs/-/api-logs-0.45.1.tgz",
      "integrity": "sha512-zVGq/k70l+kB/Wuv3O/zhptP2hvDhEbhDu9EtHde1iWZJf3FedeYS/nWVcMBkkyPAjS/JKNk86WN4CBQLGUuOw==",
      "license": "Apache-2.0",
      "dependencies": {
        "@opentelemetry/api": "^1.0.0"
      },
      "engines": {
        "node": ">=14"
      }
    },
    "node_modules/@opentelemetry/exporter-trace-otlp-http/node_modules/@opentelemetry/core": {
      "version": "1.18.1",
      "resolved": "https://registry.npmjs.org/@opentelemetry/core/-/core-1.18.1.tgz",
      "integrity": "sha512-kvnUqezHMhsQvdsnhnqTNfAJs3ox/isB0SVrM1dhVFw7SsB7TstuVa6fgWnN2GdPyilIFLUvvbTZoVRmx6eiRg==",
      "license": "Apache-2.0",
      "dependencies": {
        "@opentelemetry/semantic-conventions": "1.18.1"
      },
      "engines": {
        "node": ">=14"
      },
      "peerDependencies": {
        "@opentelemetry/api": ">=1.0.0 <1.8.0"
      }
    },
    "node_modules/@opentelemetry/exporter-trace-otlp-http/node_modules/@opentelemetry/otlp-transformer": {
      "version": "0.45.1",
      "resolved": "https://registry.npmjs.org/@opentelemetry/otlp-transformer/-/otlp-transformer-0.45.1.tgz",
      "integrity": "sha512-FhIHgfC0b0XtoBrS5ISfva939yWffNl47ypXR8I7Ru+dunlySpmf2TLocKHYLHGcWiuoeSNO5O4dZCmSKOtpXw==",
      "license": "Apache-2.0",
      "dependencies": {
        "@opentelemetry/api-logs": "0.45.1",
        "@opentelemetry/core": "1.18.1",
        "@opentelemetry/resources": "1.18.1",
        "@opentelemetry/sdk-logs": "0.45.1",
        "@opentelemetry/sdk-metrics": "1.18.1",
        "@opentelemetry/sdk-trace-base": "1.18.1"
      },
      "engines": {
        "node": ">=14"
      },
      "peerDependencies": {
        "@opentelemetry/api": ">=1.3.0 <1.8.0"
      }
    },
    "node_modules/@opentelemetry/exporter-trace-otlp-http/node_modules/@opentelemetry/otlp-transformer/node_modules/@opentelemetry/sdk-logs": {
      "version": "0.45.1",
      "resolved": "https://registry.npmjs.org/@opentelemetry/sdk-logs/-/sdk-logs-0.45.1.tgz",
      "integrity": "sha512-z0RRgW4LeKEKnhXS4F/HnqB6+7gsy63YK47F4XAJYHs4s1KKg8XnQ2RkbuL31i/a9nXkylttYtvsT50CGr487g==",
      "license": "Apache-2.0",
      "dependencies": {
        "@opentelemetry/core": "1.18.1",
        "@opentelemetry/resources": "1.18.1"
      },
      "engines": {
        "node": ">=14"
      },
      "peerDependencies": {
        "@opentelemetry/api": ">=1.4.0 <1.8.0",
        "@opentelemetry/api-logs": ">=0.39.1"
      }
    },
    "node_modules/@opentelemetry/exporter-trace-otlp-http/node_modules/@opentelemetry/otlp-transformer/node_modules/@opentelemetry/sdk-metrics": {
      "version": "1.18.1",
      "resolved": "https://registry.npmjs.org/@opentelemetry/sdk-metrics/-/sdk-metrics-1.18.1.tgz",
      "integrity": "sha512-TEFgeNFhdULBYiCoHbz31Y4PDsfjjxRp8Wmdp6ybLQZPqMNEb+dRq+XN8Xw3ivIgTaf9gYsomgV5ensX99RuEQ==",
      "license": "Apache-2.0",
      "dependencies": {
        "@opentelemetry/core": "1.18.1",
        "@opentelemetry/resources": "1.18.1",
        "lodash.merge": "^4.6.2"
      },
      "engines": {
        "node": ">=14"
      },
      "peerDependencies": {
        "@opentelemetry/api": ">=1.3.0 <1.8.0"
      }
    },
    "node_modules/@opentelemetry/exporter-trace-otlp-http/node_modules/@opentelemetry/resources": {
      "version": "1.18.1",
      "resolved": "https://registry.npmjs.org/@opentelemetry/resources/-/resources-1.18.1.tgz",
      "integrity": "sha512-JjbcQLYMttXcIabflLRuaw5oof5gToYV9fuXbcsoOeQ0BlbwUn6DAZi++PNsSz2jjPeASfDls10iaO/8BRIPRA==",
      "license": "Apache-2.0",
      "dependencies": {
        "@opentelemetry/core": "1.18.1",
        "@opentelemetry/semantic-conventions": "1.18.1"
      },
      "engines": {
        "node": ">=14"
      },
      "peerDependencies": {
        "@opentelemetry/api": ">=1.0.0 <1.8.0"
      }
    },
    "node_modules/@opentelemetry/exporter-trace-otlp-http/node_modules/@opentelemetry/sdk-trace-base": {
      "version": "1.18.1",
      "resolved": "https://registry.npmjs.org/@opentelemetry/sdk-trace-base/-/sdk-trace-base-1.18.1.tgz",
      "integrity": "sha512-tRHfDxN5dO+nop78EWJpzZwHsN1ewrZRVVwo03VJa3JQZxToRDH29/+MB24+yoa+IArerdr7INFJiX/iN4gjqg==",
      "license": "Apache-2.0",
      "dependencies": {
        "@opentelemetry/core": "1.18.1",
        "@opentelemetry/resources": "1.18.1",
        "@opentelemetry/semantic-conventions": "1.18.1"
      },
      "engines": {
        "node": ">=14"
      },
      "peerDependencies": {
        "@opentelemetry/api": ">=1.0.0 <1.8.0"
      }
    },
    "node_modules/@opentelemetry/exporter-trace-otlp-http/node_modules/@opentelemetry/semantic-conventions": {
      "version": "1.18.1",
      "resolved": "https://registry.npmjs.org/@opentelemetry/semantic-conventions/-/semantic-conventions-1.18.1.tgz",
      "integrity": "sha512-+NLGHr6VZwcgE/2lw8zDIufOCGnzsA5CbQIMleXZTrgkBd0TanCX+MiDYJ1TOS4KL/Tqk0nFRxawnaYr6pkZkA==",
      "license": "Apache-2.0",
      "engines": {
        "node": ">=14"
      }
    },
    "node_modules/@opentelemetry/instrumentation": {
      "version": "0.49.1",
      "resolved": "https://registry.npmjs.org/@opentelemetry/instrumentation/-/instrumentation-0.49.1.tgz",
      "integrity": "sha512-0DLtWtaIppuNNRRllSD4bjU8ZIiLp1cDXvJEbp752/Zf+y3gaLNaoGRGIlX4UHhcsrmtL+P2qxi3Hodi8VuKiQ==",
      "license": "Apache-2.0",
      "dependencies": {
        "@opentelemetry/api-logs": "0.49.1",
        "@types/shimmer": "^1.0.2",
        "import-in-the-middle": "1.7.1",
        "require-in-the-middle": "^7.1.1",
        "semver": "^7.5.2",
        "shimmer": "^1.2.1"
      },
      "engines": {
        "node": ">=14"
      },
      "peerDependencies": {
        "@opentelemetry/api": "^1.3.0"
      }
    },
    "node_modules/@opentelemetry/instrumentation-document-load": {
      "version": "0.36.0",
      "resolved": "https://registry.npmjs.org/@opentelemetry/instrumentation-document-load/-/instrumentation-document-load-0.36.0.tgz",
      "integrity": "sha512-LBz4Lr5XMlo3F0SVeNS4H8wn6GC0EQs7Up258AMROaxq9gZiYM1ZyecbvNz3wPvP0d8wP1D8qcO45pWBHK/4tw==",
      "license": "Apache-2.0",
      "dependencies": {
        "@opentelemetry/core": "^1.8.0",
        "@opentelemetry/instrumentation": "^0.49.1",
        "@opentelemetry/sdk-trace-base": "^1.0.0",
        "@opentelemetry/sdk-trace-web": "^1.15.0",
        "@opentelemetry/semantic-conventions": "^1.0.0"
      },
      "engines": {
        "node": ">=14"
      },
      "peerDependencies": {
        "@opentelemetry/api": "^1.3.0"
      }
    },
    "node_modules/@opentelemetry/instrumentation-fetch": {
      "version": "0.49.1",
      "resolved": "https://registry.npmjs.org/@opentelemetry/instrumentation-fetch/-/instrumentation-fetch-0.49.1.tgz",
      "integrity": "sha512-hizhULZXlq02y8YC0vPQ4WtUWiXcwxPdEqHBy8p75jzF9rAuP/ldrVr0Oxvz5Xr9qQcdEOFLvEl0ZxbVL76WKw==",
      "license": "Apache-2.0",
      "dependencies": {
        "@opentelemetry/core": "1.22.0",
        "@opentelemetry/instrumentation": "0.49.1",
        "@opentelemetry/sdk-trace-web": "1.22.0",
        "@opentelemetry/semantic-conventions": "1.22.0"
      },
      "engines": {
        "node": ">=14"
      },
      "peerDependencies": {
        "@opentelemetry/api": "^1.0.0"
      }
    },
    "node_modules/@opentelemetry/instrumentation-fetch/node_modules/@opentelemetry/core": {
      "version": "1.22.0",
      "resolved": "https://registry.npmjs.org/@opentelemetry/core/-/core-1.22.0.tgz",
      "integrity": "sha512-0VoAlT6x+Xzik1v9goJ3pZ2ppi6+xd3aUfg4brfrLkDBHRIVjMP0eBHrKrhB+NKcDyMAg8fAbGL3Npg/F6AwWA==",
      "license": "Apache-2.0",
      "dependencies": {
        "@opentelemetry/semantic-conventions": "1.22.0"
      },
      "engines": {
        "node": ">=14"
      },
      "peerDependencies": {
        "@opentelemetry/api": ">=1.0.0 <1.9.0"
      }
    },
    "node_modules/@opentelemetry/instrumentation-fetch/node_modules/@opentelemetry/sdk-trace-web": {
      "version": "1.22.0",
      "resolved": "https://registry.npmjs.org/@opentelemetry/sdk-trace-web/-/sdk-trace-web-1.22.0.tgz",
      "integrity": "sha512-id5bUhWYg475xbm4hjwWA4PnWM4duNK1EyFRkZxa3BZNuCITwiKCLvDkVhlE9RK2kvuDOPmcRxgSbU1apF9/1w==",
      "license": "Apache-2.0",
      "dependencies": {
        "@opentelemetry/core": "1.22.0",
        "@opentelemetry/sdk-trace-base": "1.22.0",
        "@opentelemetry/semantic-conventions": "1.22.0"
      },
      "engines": {
        "node": ">=14"
      },
      "peerDependencies": {
        "@opentelemetry/api": ">=1.0.0 <1.9.0"
      }
    },
    "node_modules/@opentelemetry/instrumentation-fetch/node_modules/@opentelemetry/sdk-trace-web/node_modules/@opentelemetry/sdk-trace-base": {
      "version": "1.22.0",
      "resolved": "https://registry.npmjs.org/@opentelemetry/sdk-trace-base/-/sdk-trace-base-1.22.0.tgz",
      "integrity": "sha512-pfTuSIpCKONC6vkTpv6VmACxD+P1woZf4q0K46nSUvXFvOFqjBYKFaAMkKD3M1mlKUUh0Oajwj35qNjMl80m1Q==",
      "license": "Apache-2.0",
      "dependencies": {
        "@opentelemetry/core": "1.22.0",
        "@opentelemetry/resources": "1.22.0",
        "@opentelemetry/semantic-conventions": "1.22.0"
      },
      "engines": {
        "node": ">=14"
      },
      "peerDependencies": {
        "@opentelemetry/api": ">=1.0.0 <1.9.0"
      }
    },
    "node_modules/@opentelemetry/instrumentation-fetch/node_modules/@opentelemetry/sdk-trace-web/node_modules/@opentelemetry/sdk-trace-base/node_modules/@opentelemetry/resources": {
      "version": "1.22.0",
      "resolved": "https://registry.npmjs.org/@opentelemetry/resources/-/resources-1.22.0.tgz",
      "integrity": "sha512-+vNeIFPH2hfcNL0AJk/ykJXoUCtR1YaDUZM+p3wZNU4Hq98gzq+7b43xbkXjadD9VhWIUQqEwXyY64q6msPj6A==",
      "license": "Apache-2.0",
      "dependencies": {
        "@opentelemetry/core": "1.22.0",
        "@opentelemetry/semantic-conventions": "1.22.0"
      },
      "engines": {
        "node": ">=14"
      },
      "peerDependencies": {
        "@opentelemetry/api": ">=1.0.0 <1.9.0"
      }
    },
    "node_modules/@opentelemetry/instrumentation-fetch/node_modules/@opentelemetry/semantic-conventions": {
      "version": "1.22.0",
      "resolved": "https://registry.npmjs.org/@opentelemetry/semantic-conventions/-/semantic-conventions-1.22.0.tgz",
      "integrity": "sha512-CAOgFOKLybd02uj/GhCdEeeBjOS0yeoDeo/CA7ASBSmenpZHAKGB3iDm/rv3BQLcabb/OprDEsSQ1y0P8A7Siw==",
      "license": "Apache-2.0",
      "engines": {
        "node": ">=14"
      }
    },
    "node_modules/@opentelemetry/instrumentation-user-interaction": {
      "version": "0.36.0",
      "resolved": "https://registry.npmjs.org/@opentelemetry/instrumentation-user-interaction/-/instrumentation-user-interaction-0.36.0.tgz",
      "integrity": "sha512-1KrZWUY5Z6dX8Z1nzmf1pZ7+WI8rBs2mPqJRUnela8fH+PbST0vqcw2XDxJ6DQdWXn5UFCbAECvyJ1JfiSn9AA==",
      "license": "Apache-2.0",
      "dependencies": {
        "@opentelemetry/core": "^1.8.0",
        "@opentelemetry/instrumentation": "^0.49.1",
        "@opentelemetry/sdk-trace-web": "^1.8.0"
      },
      "engines": {
        "node": ">=14"
      },
      "peerDependencies": {
        "@opentelemetry/api": "^1.3.0",
        "zone.js": "^0.11.4 || ^0.13.0 || ^0.14.0"
      }
    },
    "node_modules/@opentelemetry/instrumentation-xml-http-request": {
      "version": "0.49.1",
      "resolved": "https://registry.npmjs.org/@opentelemetry/instrumentation-xml-http-request/-/instrumentation-xml-http-request-0.49.1.tgz",
      "integrity": "sha512-gCPd2o1geRXc1urJoLxWRnMKAF6Akbwlp1nfe+xg2akSUenlt4wopmq1gEIrJva4bXLsNSModVLrEVCTt5/fDA==",
      "license": "Apache-2.0",
      "dependencies": {
        "@opentelemetry/core": "1.22.0",
        "@opentelemetry/instrumentation": "0.49.1",
        "@opentelemetry/sdk-trace-web": "1.22.0",
        "@opentelemetry/semantic-conventions": "1.22.0"
      },
      "engines": {
        "node": ">=14"
      },
      "peerDependencies": {
        "@opentelemetry/api": "^1.0.0"
      }
    },
    "node_modules/@opentelemetry/instrumentation-xml-http-request/node_modules/@opentelemetry/core": {
      "version": "1.22.0",
      "resolved": "https://registry.npmjs.org/@opentelemetry/core/-/core-1.22.0.tgz",
      "integrity": "sha512-0VoAlT6x+Xzik1v9goJ3pZ2ppi6+xd3aUfg4brfrLkDBHRIVjMP0eBHrKrhB+NKcDyMAg8fAbGL3Npg/F6AwWA==",
      "license": "Apache-2.0",
      "dependencies": {
        "@opentelemetry/semantic-conventions": "1.22.0"
      },
      "engines": {
        "node": ">=14"
      },
      "peerDependencies": {
        "@opentelemetry/api": ">=1.0.0 <1.9.0"
      }
    },
    "node_modules/@opentelemetry/instrumentation-xml-http-request/node_modules/@opentelemetry/sdk-trace-web": {
      "version": "1.22.0",
      "resolved": "https://registry.npmjs.org/@opentelemetry/sdk-trace-web/-/sdk-trace-web-1.22.0.tgz",
      "integrity": "sha512-id5bUhWYg475xbm4hjwWA4PnWM4duNK1EyFRkZxa3BZNuCITwiKCLvDkVhlE9RK2kvuDOPmcRxgSbU1apF9/1w==",
      "license": "Apache-2.0",
      "dependencies": {
        "@opentelemetry/core": "1.22.0",
        "@opentelemetry/sdk-trace-base": "1.22.0",
        "@opentelemetry/semantic-conventions": "1.22.0"
      },
      "engines": {
        "node": ">=14"
      },
      "peerDependencies": {
        "@opentelemetry/api": ">=1.0.0 <1.9.0"
      }
    },
    "node_modules/@opentelemetry/instrumentation-xml-http-request/node_modules/@opentelemetry/sdk-trace-web/node_modules/@opentelemetry/sdk-trace-base": {
      "version": "1.22.0",
      "resolved": "https://registry.npmjs.org/@opentelemetry/sdk-trace-base/-/sdk-trace-base-1.22.0.tgz",
      "integrity": "sha512-pfTuSIpCKONC6vkTpv6VmACxD+P1woZf4q0K46nSUvXFvOFqjBYKFaAMkKD3M1mlKUUh0Oajwj35qNjMl80m1Q==",
      "license": "Apache-2.0",
      "dependencies": {
        "@opentelemetry/core": "1.22.0",
        "@opentelemetry/resources": "1.22.0",
        "@opentelemetry/semantic-conventions": "1.22.0"
      },
      "engines": {
        "node": ">=14"
      },
      "peerDependencies": {
        "@opentelemetry/api": ">=1.0.0 <1.9.0"
      }
    },
    "node_modules/@opentelemetry/instrumentation-xml-http-request/node_modules/@opentelemetry/sdk-trace-web/node_modules/@opentelemetry/sdk-trace-base/node_modules/@opentelemetry/resources": {
      "version": "1.22.0",
      "resolved": "https://registry.npmjs.org/@opentelemetry/resources/-/resources-1.22.0.tgz",
      "integrity": "sha512-+vNeIFPH2hfcNL0AJk/ykJXoUCtR1YaDUZM+p3wZNU4Hq98gzq+7b43xbkXjadD9VhWIUQqEwXyY64q6msPj6A==",
      "license": "Apache-2.0",
      "dependencies": {
        "@opentelemetry/core": "1.22.0",
        "@opentelemetry/semantic-conventions": "1.22.0"
      },
      "engines": {
        "node": ">=14"
      },
      "peerDependencies": {
        "@opentelemetry/api": ">=1.0.0 <1.9.0"
      }
    },
    "node_modules/@opentelemetry/instrumentation-xml-http-request/node_modules/@opentelemetry/semantic-conventions": {
      "version": "1.22.0",
      "resolved": "https://registry.npmjs.org/@opentelemetry/semantic-conventions/-/semantic-conventions-1.22.0.tgz",
      "integrity": "sha512-CAOgFOKLybd02uj/GhCdEeeBjOS0yeoDeo/CA7ASBSmenpZHAKGB3iDm/rv3BQLcabb/OprDEsSQ1y0P8A7Siw==",
      "license": "Apache-2.0",
      "engines": {
        "node": ">=14"
      }
    },
    "node_modules/@opentelemetry/otlp-exporter-base": {
      "version": "0.45.1",
      "resolved": "https://registry.npmjs.org/@opentelemetry/otlp-exporter-base/-/otlp-exporter-base-0.45.1.tgz",
      "integrity": "sha512-Jvd6x8EwWGKEPWF4tkP4LpTPXiIkkafMNMvMJUfJd5DyNAftL1vAz+48jmi3URL2LMPkGryrvWPz8Tdu917gQw==",
      "license": "Apache-2.0",
      "dependencies": {
        "@opentelemetry/core": "1.18.1"
      },
      "engines": {
        "node": ">=14"
      },
      "peerDependencies": {
        "@opentelemetry/api": "^1.0.0"
      }
    },
    "node_modules/@opentelemetry/otlp-exporter-base/node_modules/@opentelemetry/core": {
      "version": "1.18.1",
      "resolved": "https://registry.npmjs.org/@opentelemetry/core/-/core-1.18.1.tgz",
      "integrity": "sha512-kvnUqezHMhsQvdsnhnqTNfAJs3ox/isB0SVrM1dhVFw7SsB7TstuVa6fgWnN2GdPyilIFLUvvbTZoVRmx6eiRg==",
      "license": "Apache-2.0",
      "dependencies": {
        "@opentelemetry/semantic-conventions": "1.18.1"
      },
      "engines": {
        "node": ">=14"
      },
      "peerDependencies": {
        "@opentelemetry/api": ">=1.0.0 <1.8.0"
      }
    },
    "node_modules/@opentelemetry/otlp-exporter-base/node_modules/@opentelemetry/semantic-conventions": {
      "version": "1.18.1",
      "resolved": "https://registry.npmjs.org/@opentelemetry/semantic-conventions/-/semantic-conventions-1.18.1.tgz",
      "integrity": "sha512-+NLGHr6VZwcgE/2lw8zDIufOCGnzsA5CbQIMleXZTrgkBd0TanCX+MiDYJ1TOS4KL/Tqk0nFRxawnaYr6pkZkA==",
      "license": "Apache-2.0",
      "engines": {
        "node": ">=14"
      }
    },
    "node_modules/@opentelemetry/resources": {
      "version": "1.30.1",
      "resolved": "https://registry.npmjs.org/@opentelemetry/resources/-/resources-1.30.1.tgz",
      "integrity": "sha512-5UxZqiAgLYGFjS4s9qm5mBVo433u+dSPUFWVWXmLAD4wB65oMCoXaJP1KJa9DIYYMeHu3z4BZcStG3LC593cWA==",
      "license": "Apache-2.0",
      "dependencies": {
        "@opentelemetry/core": "1.30.1",
        "@opentelemetry/semantic-conventions": "1.28.0"
      },
      "engines": {
        "node": ">=14"
      },
      "peerDependencies": {
        "@opentelemetry/api": ">=1.0.0 <1.10.0"
      }
    },
    "node_modules/@opentelemetry/resources/node_modules/@opentelemetry/semantic-conventions": {
      "version": "1.28.0",
      "resolved": "https://registry.npmjs.org/@opentelemetry/semantic-conventions/-/semantic-conventions-1.28.0.tgz",
      "integrity": "sha512-lp4qAiMTD4sNWW4DbKLBkfiMZ4jbAboJIGOQr5DvciMRI494OapieI9qiODpOt0XBr1LjIDy1xAGAnVs5supTA==",
      "license": "Apache-2.0",
      "engines": {
        "node": ">=14"
      }
    },
    "node_modules/@opentelemetry/sdk-trace-base": {
      "version": "1.30.1",
      "resolved": "https://registry.npmjs.org/@opentelemetry/sdk-trace-base/-/sdk-trace-base-1.30.1.tgz",
      "integrity": "sha512-jVPgBbH1gCy2Lb7X0AVQ8XAfgg0pJ4nvl8/IiQA6nxOsPvS+0zMJaFSs2ltXe0J6C8dqjcnpyqINDJmU30+uOg==",
      "license": "Apache-2.0",
      "dependencies": {
        "@opentelemetry/core": "1.30.1",
        "@opentelemetry/resources": "1.30.1",
        "@opentelemetry/semantic-conventions": "1.28.0"
      },
      "engines": {
        "node": ">=14"
      },
      "peerDependencies": {
        "@opentelemetry/api": ">=1.0.0 <1.10.0"
      }
    },
    "node_modules/@opentelemetry/sdk-trace-base/node_modules/@opentelemetry/semantic-conventions": {
      "version": "1.28.0",
      "resolved": "https://registry.npmjs.org/@opentelemetry/semantic-conventions/-/semantic-conventions-1.28.0.tgz",
      "integrity": "sha512-lp4qAiMTD4sNWW4DbKLBkfiMZ4jbAboJIGOQr5DvciMRI494OapieI9qiODpOt0XBr1LjIDy1xAGAnVs5supTA==",
      "license": "Apache-2.0",
      "engines": {
        "node": ">=14"
      }
    },
    "node_modules/@opentelemetry/sdk-trace-web": {
      "version": "1.30.1",
      "resolved": "https://registry.npmjs.org/@opentelemetry/sdk-trace-web/-/sdk-trace-web-1.30.1.tgz",
      "integrity": "sha512-AUo2e+1uyTGMB36VlbvBqnCogVzQhpC7dRcVVdCrt+cFHLpFRRJcd45J2obGTgs0XiAwNLyq5bhkW3JF2NZA+A==",
      "license": "Apache-2.0",
      "dependencies": {
        "@opentelemetry/core": "1.30.1",
        "@opentelemetry/sdk-trace-base": "1.30.1",
        "@opentelemetry/semantic-conventions": "1.28.0"
      },
      "engines": {
        "node": ">=14"
      },
      "peerDependencies": {
        "@opentelemetry/api": ">=1.0.0 <1.10.0"
      }
    },
    "node_modules/@opentelemetry/sdk-trace-web/node_modules/@opentelemetry/semantic-conventions": {
      "version": "1.28.0",
      "resolved": "https://registry.npmjs.org/@opentelemetry/semantic-conventions/-/semantic-conventions-1.28.0.tgz",
      "integrity": "sha512-lp4qAiMTD4sNWW4DbKLBkfiMZ4jbAboJIGOQr5DvciMRI494OapieI9qiODpOt0XBr1LjIDy1xAGAnVs5supTA==",
      "license": "Apache-2.0",
      "engines": {
        "node": ">=14"
      }
    },
    "node_modules/@opentelemetry/semantic-conventions": {
      "version": "1.40.0",
      "resolved": "https://registry.npmjs.org/@opentelemetry/semantic-conventions/-/semantic-conventions-1.40.0.tgz",
      "integrity": "sha512-cifvXDhcqMwwTlTK04GBNeIe7yyo28Mfby85QXFe1Yk8nmi36Ab/5UQwptOx84SsoGNRg+EVSjwzfSZMy6pmlw==",
      "license": "Apache-2.0",
      "engines": {
        "node": ">=14"
      }
    },
    "node_modules/@types/shimmer": {
      "version": "1.2.0",
      "resolved": "https://registry.npmjs.org/@types/shimmer/-/shimmer-1.2.0.tgz",
      "integrity": "sha512-UE7oxhQLLd9gub6JKIAhDq06T0F6FnztwMNRvYgjeQSBeMc1ZG/tA47EwfduvkuQS8apbkM/lpLpWsaCeYsXVg==",
      "license": "MIT"
    },
    "node_modules/acorn": {
      "version": "8.16.0",
      "resolved": "https://registry.npmjs.org/acorn/-/acorn-8.16.0.tgz",
      "integrity": "sha512-UVJyE9MttOsBQIDKw1skb9nAwQuR5wuGD3+82K6JgJlm/Y+KI92oNsMNGZCYdDsVtRHSak0pcV5Dno5+4jh9sw==",
      "license": "MIT",
      "bin": {
        "acorn": "bin/acorn"
      },
      "engines": {
        "node": ">=0.4.0"
      }
    },
    "node_modules/acorn-import-assertions": {
      "version": "1.9.0",
      "resolved": "https://registry.npmjs.org/acorn-import-assertions/-/acorn-import-assertions-1.9.0.tgz",
      "integrity": "sha512-cmMwop9x+8KFhxvKrKfPYmN6/pKTYYHBqLa0DfvVZcKMJWNyWLnaqND7dx/qn66R7ewM1UX5XMaDVP5wlVTaVA==",
      "deprecated": "package has been renamed to acorn-import-attributes",
      "license": "MIT",
      "peerDependencies": {
        "acorn": "^8"
      }
    },
    "node_modules/cjs-module-lexer": {
      "version": "1.4.3",
      "resolved": "https://registry.npmjs.org/cjs-module-lexer/-/cjs-module-lexer-1.4.3.tgz",
      "integrity": "sha512-9z8TZaGM1pfswYeXrUpzPrkx8UnWYdhJclsiYMm6x/w5+nN+8Tf/LnAgfLGQCm59qAOxU8WwHEq2vNwF6i4j+Q==",
      "license": "MIT"
    },
    "node_modules/debug": {
      "version": "4.4.3",
      "resolved": "https://registry.npmjs.org/debug/-/debug-4.4.3.tgz",
      "integrity": "sha512-RGwwWnwQvkVfavKVt22FGLw+xYSdzARwm0ru6DhTVA3umU5hZc28V3kO4stgYryrTlLpuvgI9GiijltAjNbcqA==",
      "license": "MIT",
      "dependencies": {
        "ms": "^2.1.3"
      },
      "engines": {
        "node": ">=6.0"
      },
      "peerDependenciesMeta": {
        "supports-color": {
          "optional": true
        }
      }
    },
    "node_modules/function-bind": {
      "version": "1.1.2",
      "resolved": "https://registry.npmjs.org/function-bind/-/function-bind-1.1.2.tgz",
      "integrity": "sha512-7XHNxH7qX9xG5mIwxkhumTox/MIRNcOgDrxWsMt2pAr23WHp6MrRlN7FBSFpCpr+oVO0F744iUgR82nJMfG2SA==",
      "license": "MIT",
      "funding": {
        "url": "https://github.com/sponsors/ljharb"
      }
    },
    "node_modules/hasown": {
      "version": "2.0.2",
      "resolved": "https://registry.npmjs.org/hasown/-/hasown-2.0.2.tgz",
      "integrity": "sha512-0hJU9SCPvmMzIBdZFqNPXWa6dqh7WdH0cII9y+CyS8rG3nL48Bclra9HmKhVVUHyPWNH5Y7xDwAB7bfgSjkUMQ==",
      "license": "MIT",
      "dependencies": {
        "function-bind": "^1.1.2"
      },
      "engines": {
        "node": ">= 0.4"
      }
    },
    "node_modules/import-in-the-middle": {
      "version": "1.7.1",
      "resolved": "https://registry.npmjs.org/import-in-the-middle/-/import-in-the-middle-1.7.1.tgz",
      "integrity": "sha512-1LrZPDtW+atAxH42S6288qyDFNQ2YCty+2mxEPRtfazH6Z5QwkaBSTS2ods7hnVJioF6rkRfNoA6A/MstpFXLg==",
      "license": "Apache-2.0",
      "dependencies": {
        "acorn": "^8.8.2",
        "acorn-import-assertions": "^1.9.0",
        "cjs-module-lexer": "^1.2.2",
        "module-details-from-path": "^1.0.3"
      }
    },
    "node_modules/is-core-module": {
      "version": "2.16.1",
      "resolved": "https://registry.npmjs.org/is-core-module/-/is-core-module-2.16.1.tgz",
      "integrity": "sha512-UfoeMA6fIJ8wTYFEUjelnaGI67v6+N7qXJEvQuIGa99l4xsCruSYOVSQ0uPANn4dAzm8lkYPaKLrrijLq7x23w==",
      "license": "MIT",
      "dependencies": {
        "hasown": "^2.0.2"
      },
      "engines": {
        "node": ">= 0.4"
      },
      "funding": {
        "url": "https://github.com/sponsors/ljharb"
      }
    },
    "node_modules/lodash.merge": {
      "version": "4.6.2",
      "resolved": "https://registry.npmjs.org/lodash.merge/-/lodash.merge-4.6.2.tgz",
      "integrity": "sha512-0KpjqXRVvrYyCsX1swR/XTK0va6VQkQM6MNo7PqW77ByjAhoARA8EfrP1N4+KlKj8YS0ZUCtRT/YUuhyYDujIQ==",
      "license": "MIT"
    },
    "node_modules/module-details-from-path": {
      "version": "1.0.4",
      "resolved": "https://registry.npmjs.org/module-details-from-path/-/module-details-from-path-1.0.4.tgz",
      "integrity": "sha512-EGWKgxALGMgzvxYF1UyGTy0HXX/2vHLkw6+NvDKW2jypWbHpjQuj4UMcqQWXHERJhVGKikolT06G3bcKe4fi7w==",
      "license": "MIT"
    },
    "node_modules/ms": {
      "version": "2.1.3",
      "resolved": "https://registry.npmjs.org/ms/-/ms-2.1.3.tgz",
      "integrity": "sha512-6FlzubTLZG3J2a/NVCAleEhjzq5oxgHyaCU9yYXvcLsvoVaHJq/s5xXI6/XXP6tz7R9xAOtHnSO/tXtF3WRTlA==",
      "license": "MIT"
    },
    "node_modules/path-parse": {
      "version": "1.0.7",
      "resolved": "https://registry.npmjs.org/path-parse/-/path-parse-1.0.7.tgz",
      "integrity": "sha512-LDJzPVEEEPR+y48z93A0Ed0yXb8pAByGWo/k5YYdYgpY2/2EsOsksJrq7lOHxryrVOn1ejG6oAp8ahvOIQD8sw==",
      "license": "MIT"
    },
    "node_modules/require-in-the-middle": {
      "version": "7.5.2",
      "resolved": "https://registry.npmjs.org/require-in-the-middle/-/require-in-the-middle-7.5.2.tgz",
      "integrity": "sha512-gAZ+kLqBdHarXB64XpAe2VCjB7rIRv+mU8tfRWziHRJ5umKsIHN2tLLv6EtMw7WCdP19S0ERVMldNvxYCHnhSQ==",
      "license": "MIT",
      "dependencies": {
        "debug": "^4.3.5",
        "module-details-from-path": "^1.0.3",
        "resolve": "^1.22.8"
      },
      "engines": {
        "node": ">=8.6.0"
      }
    },
    "node_modules/resolve": {
      "version": "1.22.11",
      "resolved": "https://registry.npmjs.org/resolve/-/resolve-1.22.11.tgz",
      "integrity": "sha512-RfqAvLnMl313r7c9oclB1HhUEAezcpLjz95wFH4LVuhk9JF/r22qmVP9AMmOU4vMX7Q8pN8jwNg/CSpdFnMjTQ==",
      "license": "MIT",
      "dependencies": {
        "is-core-module": "^2.16.1",
        "path-parse": "^1.0.7",
        "supports-preserve-symlinks-flag": "^1.0.0"
      },
      "bin": {
        "resolve": "bin/resolve"
      },
      "engines": {
        "node": ">= 0.4"
      },
      "funding": {
        "url": "https://github.com/sponsors/ljharb"
      }
    },
    "node_modules/semver": {
      "version": "7.7.4",
      "resolved": "https://registry.npmjs.org/semver/-/semver-7.7.4.tgz",
      "integrity": "sha512-vFKC2IEtQnVhpT78h1Yp8wzwrf8CM+MzKMHGJZfBtzhZNycRFnXsHk6E5TxIkkMsgNS7mdX3AGB7x2QM2di4lA==",
      "license": "ISC",
      "bin": {
        "semver": "bin/semver.js"
      },
      "engines": {
        "node": ">=10"
      }
    },
    "node_modules/shimmer": {
      "version": "1.2.1",
      "resolved": "https://registry.npmjs.org/shimmer/-/shimmer-1.2.1.tgz",
      "integrity": "sha512-sQTKC1Re/rM6XyFM6fIAGHRPVGvyXfgzIDvzoq608vM+jeyVD0Tu1E6Np0Kc2zAIFWIj963V2800iF/9LPieQw==",
      "license": "BSD-2-Clause"
    },
    "node_modules/supports-preserve-symlinks-flag": {
      "version": "1.0.0",
      "resolved": "https://registry.npmjs.org/supports-preserve-symlinks-flag/-/supports-preserve-symlinks-flag-1.0.0.tgz",
      "integrity": "sha512-ot0WnXS9fgdkgIcePe6RHNk1WA8+muPa6cSjeR3V8K27q9BB1rTE3R1p7Hv0z1ZyAc8s6Vvv8DIyWf681MAt0w==",
      "license": "MIT",
      "engines": {
        "node": ">= 0.4"
      },
      "funding": {
        "url": "https://github.com/sponsors/ljharb"
      }
    },
    "node_modules/zone.js": {
      "version": "0.14.10",
      "resolved": "https://registry.npmjs.org/zone.js/-/zone.js-0.14.10.tgz",
      "integrity": "sha512-YGAhaO7J5ywOXW6InXNlLmfU194F8lVgu7bRntUF3TiG8Y3nBK0x1UJJuHUP/e8IyihkjCYqhCScpSwnlaSRkQ==",
      "license": "MIT",
      "peer": true
    }
  }
}
